
Microsoft Visual Studio Solution File, Format Version 12.00
# Visual Studio Version 17
VisualStudioVersion = 17.10.35027.167
MinimumVisualStudioVersion = 10.0.40219.1
Project("{2150E333-8FDC-42A3-9474-1A3956D46DE8}") = "Solution Items", "Solution Items", "{2C564665-EC40-49B0-91EF-97F024604D98}"
	ProjectSection(SolutionItems) = preProject
		.editorconfig = .editorconfig
		CODE_OF_CONDUCT.md = CODE_OF_CONDUCT.md
		CONTRIBUTING.md = CONTRIBUTING.md
		GitVersion.yml = GitVersion.yml
		README.md = README.md
	EndProjectSection
EndProject
Project("{2150E333-8FDC-42A3-9474-1A3956D46DE8}") = ".github", ".github", "{41216137-D61B-414F-BE61-FABEA436ABA8}"
	ProjectSection(SolutionItems) = preProject
		.github\dependabot.yml = .github\dependabot.yml
		.github\release-drafter.yml = .github\release-drafter.yml
	EndProjectSection
EndProject
Project("{2150E333-8FDC-42A3-9474-1A3956D46DE8}") = "ISSUE_TEMPLATE", "ISSUE_TEMPLATE", "{EFEB7370-F4D3-4F5A-A2D7-C2AA18C8BF27}"
	ProjectSection(SolutionItems) = preProject
		.github\ISSUE_TEMPLATE\bug_report.md = .github\ISSUE_TEMPLATE\bug_report.md
		.github\ISSUE_TEMPLATE\feature_request.md = .github\ISSUE_TEMPLATE\feature_request.md
	EndProjectSection
EndProject
Project("{9A19103F-16F7-4668-BE54-9A1E7A4F7556}") = "RxDBDotNet", "src\RxDBDotNet\RxDBDotNet.csproj", "{18C9BDAE-82CD-46D2-B384-676F850E9270}"
EndProject
Project("{9A19103F-16F7-4668-BE54-9A1E7A4F7556}") = "RxDBDotNet.Tests", "tests\RxDBDotNet.Tests\RxDBDotNet.Tests.csproj", "{28B1D787-8667-4EFD-A7A0-82B34E213A56}"
EndProject
Project("{2150E333-8FDC-42A3-9474-1A3956D46DE8}") = "example", "example", "{A12DF744-A396-4895-8E1F-3C44349EE0A9}"
EndProject
Project("{9A19103F-16F7-4668-BE54-9A1E7A4F7556}") = "LiveDocs.AppHost", "example\LiveDocs.AppHost\LiveDocs.AppHost.csproj", "{4096CC6C-F920-409A-8F1C-39FAA9919F1E}"
EndProject
Project("{9A19103F-16F7-4668-BE54-9A1E7A4F7556}") = "LiveDocs.GraphQLApi", "example\LiveDocs.GraphQLApi\LiveDocs.GraphQLApi.csproj", "{831469C1-446D-4CAC-8EC2-DC9E153716D9}"
EndProject
Project("{9A19103F-16F7-4668-BE54-9A1E7A4F7556}") = "LiveDocs.ServiceDefaults", "example\LiveDocs.ServiceDefaults\LiveDocs.ServiceDefaults.csproj", "{3ACC4CC0-E7A3-4738-94BE-AE1B6E0DA0EC}"
EndProject
Project("{2150E333-8FDC-42A3-9474-1A3956D46DE8}") = "src", "src", "{BB53E83A-96E4-4070-B870-4F565DB7985A}"
EndProject
Project("{2150E333-8FDC-42A3-9474-1A3956D46DE8}") = "tests", "tests", "{1B5323DD-D124-4F5D-AFED-27F0F20DD545}"
EndProject
Project("{9A19103F-16F7-4668-BE54-9A1E7A4F7556}") = "RxDBDotNet.LiveDocsTestModelGenerator", "tests\RxDBDotNet.LiveDocsTestModelGenerator\RxDBDotNet.LiveDocsTestModelGenerator.csproj", "{8CB00FE2-5DA2-4785-A5A8-157A97AFBCDD}"
EndProject
Project("{9A19103F-16F7-4668-BE54-9A1E7A4F7556}") = "RxDBDotNet.Tests.Setup", "tests\RxDBDotNet.Tests.Setup\RxDBDotNet.Tests.Setup.csproj", "{9E5A3A3E-D100-48B3-ABC9-3A5C80CF98E9}"
EndProject
Project("{2150E333-8FDC-42A3-9474-1A3956D46DE8}") = "worflows", "worflows", "{5DB93DDB-67AD-4567-9447-DB02A6898BEE}"
	ProjectSection(SolutionItems) = preProject
		.github\workflows\main.yml = .github\workflows\main.yml
		.github\workflows\pull-request.yml = .github\workflows\pull-request.yml
		.github\workflows\release.yml = .github\workflows\release.yml
	EndProjectSection
EndProject
Global
	GlobalSection(SolutionConfigurationPlatforms) = preSolution
		Debug|Any CPU = Debug|Any CPU
		Release|Any CPU = Release|Any CPU
	EndGlobalSection
	GlobalSection(ProjectConfigurationPlatforms) = postSolution
		{18C9BDAE-82CD-46D2-B384-676F850E9270}.Debug|Any CPU.ActiveCfg = Debug|Any CPU
		{18C9BDAE-82CD-46D2-B384-676F850E9270}.Debug|Any CPU.Build.0 = Debug|Any CPU
		{18C9BDAE-82CD-46D2-B384-676F850E9270}.Release|Any CPU.ActiveCfg = Release|Any CPU
		{18C9BDAE-82CD-46D2-B384-676F850E9270}.Release|Any CPU.Build.0 = Release|Any CPU
		{28B1D787-8667-4EFD-A7A0-82B34E213A56}.Debug|Any CPU.ActiveCfg = Debug|Any CPU
		{28B1D787-8667-4EFD-A7A0-82B34E213A56}.Debug|Any CPU.Build.0 = Debug|Any CPU
		{28B1D787-8667-4EFD-A7A0-82B34E213A56}.Release|Any CPU.ActiveCfg = Release|Any CPU
		{28B1D787-8667-4EFD-A7A0-82B34E213A56}.Release|Any CPU.Build.0 = Release|Any CPU
		{4096CC6C-F920-409A-8F1C-39FAA9919F1E}.Debug|Any CPU.ActiveCfg = Debug|Any CPU
		{4096CC6C-F920-409A-8F1C-39FAA9919F1E}.Debug|Any CPU.Build.0 = Debug|Any CPU
		{4096CC6C-F920-409A-8F1C-39FAA9919F1E}.Release|Any CPU.ActiveCfg = Release|Any CPU
		{4096CC6C-F920-409A-8F1C-39FAA9919F1E}.Release|Any CPU.Build.0 = Release|Any CPU
		{831469C1-446D-4CAC-8EC2-DC9E153716D9}.Debug|Any CPU.ActiveCfg = Debug|Any CPU
		{831469C1-446D-4CAC-8EC2-DC9E153716D9}.Debug|Any CPU.Build.0 = Debug|Any CPU
		{831469C1-446D-4CAC-8EC2-DC9E153716D9}.Release|Any CPU.ActiveCfg = Release|Any CPU
		{831469C1-446D-4CAC-8EC2-DC9E153716D9}.Release|Any CPU.Build.0 = Release|Any CPU
		{3ACC4CC0-E7A3-4738-94BE-AE1B6E0DA0EC}.Debug|Any CPU.ActiveCfg = Debug|Any CPU
		{3ACC4CC0-E7A3-4738-94BE-AE1B6E0DA0EC}.Debug|Any CPU.Build.0 = Debug|Any CPU
		{3ACC4CC0-E7A3-4738-94BE-AE1B6E0DA0EC}.Release|Any CPU.ActiveCfg = Release|Any CPU
		{3ACC4CC0-E7A3-4738-94BE-AE1B6E0DA0EC}.Release|Any CPU.Build.0 = Release|Any CPU
		{8CB00FE2-5DA2-4785-A5A8-157A97AFBCDD}.Debug|Any CPU.ActiveCfg = Debug|Any CPU
		{8CB00FE2-5DA2-4785-A5A8-157A97AFBCDD}.Debug|Any CPU.Build.0 = Debug|Any CPU
		{8CB00FE2-5DA2-4785-A5A8-157A97AFBCDD}.Release|Any CPU.ActiveCfg = Release|Any CPU
		{8CB00FE2-5DA2-4785-A5A8-157A97AFBCDD}.Release|Any CPU.Build.0 = Release|Any CPU
		{9E5A3A3E-D100-48B3-ABC9-3A5C80CF98E9}.Debug|Any CPU.ActiveCfg = Debug|Any CPU
		{9E5A3A3E-D100-48B3-ABC9-3A5C80CF98E9}.Debug|Any CPU.Build.0 = Debug|Any CPU
		{9E5A3A3E-D100-48B3-ABC9-3A5C80CF98E9}.Release|Any CPU.ActiveCfg = Release|Any CPU
		{9E5A3A3E-D100-48B3-ABC9-3A5C80CF98E9}.Release|Any CPU.Build.0 = Release|Any CPU
	EndGlobalSection
	GlobalSection(SolutionProperties) = preSolution
		HideSolutionNode = FALSE
	EndGlobalSection
	GlobalSection(NestedProjects) = preSolution
		{41216137-D61B-414F-BE61-FABEA436ABA8} = {2C564665-EC40-49B0-91EF-97F024604D98}
		{EFEB7370-F4D3-4F5A-A2D7-C2AA18C8BF27} = {41216137-D61B-414F-BE61-FABEA436ABA8}
		{18C9BDAE-82CD-46D2-B384-676F850E9270} = {BB53E83A-96E4-4070-B870-4F565DB7985A}
		{28B1D787-8667-4EFD-A7A0-82B34E213A56} = {1B5323DD-D124-4F5D-AFED-27F0F20DD545}
		{4096CC6C-F920-409A-8F1C-39FAA9919F1E} = {A12DF744-A396-4895-8E1F-3C44349EE0A9}
		{831469C1-446D-4CAC-8EC2-DC9E153716D9} = {A12DF744-A396-4895-8E1F-3C44349EE0A9}
		{3ACC4CC0-E7A3-4738-94BE-AE1B6E0DA0EC} = {A12DF744-A396-4895-8E1F-3C44349EE0A9}
		{8CB00FE2-5DA2-4785-A5A8-157A97AFBCDD} = {1B5323DD-D124-4F5D-AFED-27F0F20DD545}
		{9E5A3A3E-D100-48B3-ABC9-3A5C80CF98E9} = {1B5323DD-D124-4F5D-AFED-27F0F20DD545}
		{5DB93DDB-67AD-4567-9447-DB02A6898BEE} = {41216137-D61B-414F-BE61-FABEA436ABA8}
	EndGlobalSection
	GlobalSection(ExtensibilityGlobals) = postSolution
		SolutionGuid = {33885AAE-E818-451C-9604-9002D28B4F7B}
	EndGlobalSection
EndGlobal
